
Microsoft Visual Studio Solution File, Format Version 12.00
# Visual Studio Version 17
VisualStudioVersion = 17.10.35013.160
MinimumVisualStudioVersion = 10.0.40219.1
Project("{FAE04EC0-301F-11D3-BF4B-00C04F79EFBC}") = "DimmerBeyond", "DimmerBeyond\DimmerBeyond.csproj", "{E9554921-3BA8-45B6-9CAD-D1FE2BE95D21}"
EndProject
Global
	GlobalSection(SolutionConfigurationPlatforms) = preSolution
		Debug|Any CPU = Debug|Any CPU
		Release|Any CPU = Release|Any CPU
	EndGlobalSection
	GlobalSection(ProjectConfigurationPlatforms) = postSolution
		{E9554921-3BA8-45B6-9CAD-D1FE2BE95D21}.Debug|Any CPU.ActiveCfg = Debug|Any CPU
		{E9554921-3BA8-45B6-9CAD-D1FE2BE95D21}.Debug|Any CPU.Build.0 = Debug|Any CPU
		{E9554921-3BA8-45B6-9CAD-D1FE2BE95D21}.Release|Any CPU.ActiveCfg = Release|Any CPU
		{E9554921-3BA8-45B6-9CAD-D1FE2BE95D21}.Release|Any CPU.Build.0 = Release|Any CPU
	EndGlobalSection
	GlobalSection(SolutionProperties) = preSolution
		HideSolutionNode = FALSE
	EndGlobalSection
	GlobalSection(ExtensibilityGlobals) = postSolution
		SolutionGuid = {C921383E-05E4-43B2-B65D-01443604CCAB}
	EndGlobalSection
EndGlobal
